
Microsoft Visual Studio Solution File, Format Version 12.00
# Visual Studio Version 16
VisualStudioVersion = 16.0.30225.117
MinimumVisualStudioVersion = 10.0.40219.1
Project("{FAE04EC0-301F-11D3-BF4B-00C04F79EFBC}") = "EnkucukEnbuyukSayi", "EnkucukEnbuyukSayi\EnkucukEnbuyukSayi.csproj", "{1F0AFF0B-8C6F-418E-9B4C-5B7D6C075337}"
EndProject
Global
	GlobalSection(SolutionConfigurationPlatforms) = preSolution
		Debug|Any CPU = Debug|Any CPU
		Release|Any CPU = Release|Any CPU
	EndGlobalSection
	GlobalSection(ProjectConfigurationPlatforms) = postSolution
		{1F0AFF0B-8C6F-418E-9B4C-5B7D6C075337}.Debug|Any CPU.ActiveCfg = Debug|Any CPU
		{1F0AFF0B-8C6F-418E-9B4C-5B7D6C075337}.Debug|Any CPU.Build.0 = Debug|Any CPU
		{1F0AFF0B-8C6F-418E-9B4C-5B7D6C075337}.Release|Any CPU.ActiveCfg = Release|Any CPU
		{1F0AFF0B-8C6F-418E-9B4C-5B7D6C075337}.Release|Any CPU.Build.0 = Release|Any CPU
	EndGlobalSection
	GlobalSection(SolutionProperties) = preSolution
		HideSolutionNode = FALSE
	EndGlobalSection
	GlobalSection(ExtensibilityGlobals) = postSolution
		SolutionGuid = {3BA0BCA8-0AC5-4BDA-8290-1E5983E7A8BC}
	EndGlobalSection
EndGlobal
